
Microsoft Visual Studio Solution File, Format Version 12.00
# Visual Studio Version 16
VisualStudioVersion = 16.0.28721.148
MinimumVisualStudioVersion = 10.0.40219.1
Project("{9A19103F-16F7-4668-BE54-9A1E7A4F7556}") = "QuizWebHookBot", "QuizWebHookBot\QuizWebHookBot.csproj", "{E819B9CE-9484-400A-BF74-AEFE98DB31D0}"
EndProject
Project("{F2A71F9B-5D33-465A-A702-920D77279786}") = "StateMachine", "StateMachine\StateMachine.fsproj", "{BF1405D9-5A92-44C7-8B2E-0B14CE161C68}"
EndProject
Global
	GlobalSection(SolutionConfigurationPlatforms) = preSolution
		Debug|Any CPU = Debug|Any CPU
		Release|Any CPU = Release|Any CPU
	EndGlobalSection
	GlobalSection(ProjectConfigurationPlatforms) = postSolution
		{E819B9CE-9484-400A-BF74-AEFE98DB31D0}.Debug|Any CPU.ActiveCfg = Debug|Any CPU
		{E819B9CE-9484-400A-BF74-AEFE98DB31D0}.Debug|Any CPU.Build.0 = Debug|Any CPU
		{E819B9CE-9484-400A-BF74-AEFE98DB31D0}.Release|Any CPU.ActiveCfg = Release|Any CPU
		{E819B9CE-9484-400A-BF74-AEFE98DB31D0}.Release|Any CPU.Build.0 = Release|Any CPU
		{BF1405D9-5A92-44C7-8B2E-0B14CE161C68}.Debug|Any CPU.ActiveCfg = Debug|Any CPU
		{BF1405D9-5A92-44C7-8B2E-0B14CE161C68}.Debug|Any CPU.Build.0 = Debug|Any CPU
		{BF1405D9-5A92-44C7-8B2E-0B14CE161C68}.Release|Any CPU.ActiveCfg = Release|Any CPU
		{BF1405D9-5A92-44C7-8B2E-0B14CE161C68}.Release|Any CPU.Build.0 = Release|Any CPU
	EndGlobalSection
	GlobalSection(SolutionProperties) = preSolution
		HideSolutionNode = FALSE
	EndGlobalSection
	GlobalSection(ExtensibilityGlobals) = postSolution
		SolutionGuid = {821907A9-6E86-464D-B169-3516CBB03C6D}
	EndGlobalSection
EndGlobal
